
Microsoft Visual Studio Solution File, Format Version 12.00
# Visual Studio Version 16
VisualStudioVersion = 16.0.31911.196
MinimumVisualStudioVersion = 10.0.40219.1
Project("{FAE04EC0-301F-11D3-BF4B-00C04F79EFBC}") = "Control de ventas", "Control de ventas\Control de ventas.csproj", "{C0518E95-3FC8-4105-9C25-28C285CA67CC}"
EndProject
Global
	GlobalSection(SolutionConfigurationPlatforms) = preSolution
		Debug|Any CPU = Debug|Any CPU
		Release|Any CPU = Release|Any CPU
	EndGlobalSection
	GlobalSection(ProjectConfigurationPlatforms) = postSolution
		{C0518E95-3FC8-4105-9C25-28C285CA67CC}.Debug|Any CPU.ActiveCfg = Debug|Any CPU
		{C0518E95-3FC8-4105-9C25-28C285CA67CC}.Debug|Any CPU.Build.0 = Debug|Any CPU
		{C0518E95-3FC8-4105-9C25-28C285CA67CC}.Release|Any CPU.ActiveCfg = Release|Any CPU
		{C0518E95-3FC8-4105-9C25-28C285CA67CC}.Release|Any CPU.Build.0 = Release|Any CPU
	EndGlobalSection
	GlobalSection(SolutionProperties) = preSolution
		HideSolutionNode = FALSE
	EndGlobalSection
	GlobalSection(ExtensibilityGlobals) = postSolution
		SolutionGuid = {2660D49E-F460-42BA-B7A8-379B3F4FFF3F}
	EndGlobalSection
EndGlobal
